
Microsoft Visual Studio Solution File, Format Version 12.00
# Visual Studio 15
VisualStudioVersion = 15.0.27703.2042
MinimumVisualStudioVersion = 10.0.40219.1
Project("{FAE04EC0-301F-11D3-BF4B-00C04F79EFBC}") = "LargeFileReplacer", "LargeFileReplacer\LargeFileReplacer.csproj", "{DF5854CB-2133-4C19-83DF-8B9F7F260197}"
EndProject
Project("{FAE04EC0-301F-11D3-BF4B-00C04F79EFBC}") = "LargeFileReplacer2", "LargeFileReplacer2\LargeFileReplacer2.csproj", "{0ACB2DE2-6188-4DE8-B235-F4D7EF71994F}"
EndProject
Project("{FAE04EC0-301F-11D3-BF4B-00C04F79EFBC}") = "Example", "Example\Example.csproj", "{13A4F911-5CBB-4DA1-BD0C-B23777868C22}"
EndProject
Global
	GlobalSection(SolutionConfigurationPlatforms) = preSolution
		Debug|Any CPU = Debug|Any CPU
		Release|Any CPU = Release|Any CPU
	EndGlobalSection
	GlobalSection(ProjectConfigurationPlatforms) = postSolution
		{DF5854CB-2133-4C19-83DF-8B9F7F260197}.Debug|Any CPU.ActiveCfg = Debug|Any CPU
		{DF5854CB-2133-4C19-83DF-8B9F7F260197}.Debug|Any CPU.Build.0 = Debug|Any CPU
		{DF5854CB-2133-4C19-83DF-8B9F7F260197}.Release|Any CPU.ActiveCfg = Release|Any CPU
		{DF5854CB-2133-4C19-83DF-8B9F7F260197}.Release|Any CPU.Build.0 = Release|Any CPU
		{0ACB2DE2-6188-4DE8-B235-F4D7EF71994F}.Debug|Any CPU.ActiveCfg = Debug|Any CPU
		{0ACB2DE2-6188-4DE8-B235-F4D7EF71994F}.Debug|Any CPU.Build.0 = Debug|Any CPU
		{0ACB2DE2-6188-4DE8-B235-F4D7EF71994F}.Release|Any CPU.ActiveCfg = Release|Any CPU
		{0ACB2DE2-6188-4DE8-B235-F4D7EF71994F}.Release|Any CPU.Build.0 = Release|Any CPU
		{13A4F911-5CBB-4DA1-BD0C-B23777868C22}.Debug|Any CPU.ActiveCfg = Debug|Any CPU
		{13A4F911-5CBB-4DA1-BD0C-B23777868C22}.Debug|Any CPU.Build.0 = Debug|Any CPU
		{13A4F911-5CBB-4DA1-BD0C-B23777868C22}.Release|Any CPU.ActiveCfg = Release|Any CPU
		{13A4F911-5CBB-4DA1-BD0C-B23777868C22}.Release|Any CPU.Build.0 = Release|Any CPU
	EndGlobalSection
	GlobalSection(SolutionProperties) = preSolution
		HideSolutionNode = FALSE
	EndGlobalSection
	GlobalSection(ExtensibilityGlobals) = postSolution
		SolutionGuid = {D2A3AC19-6178-4481-927C-E8A9D1D397A2}
	EndGlobalSection
EndGlobal
